
Microsoft Visual Studio Solution File, Format Version 12.00
# Visual Studio 15
VisualStudioVersion = 15.0.28307.271
MinimumVisualStudioVersion = 10.0.40219.1
Project("{FAE04EC0-301F-11D3-BF4B-00C04F79EFBC}") = "erxercie_csharp", "erxercie_csharp\erxercie_csharp.csproj", "{CB543414-0633-49C1-B0F4-DAC3869C5306}"
EndProject
Project("{FAE04EC0-301F-11D3-BF4B-00C04F79EFBC}") = "Library", "Library\Library.csproj", "{D39FFED5-F686-4299-8402-6BDBCBA5E773}"
EndProject
Global
	GlobalSection(SolutionConfigurationPlatforms) = preSolution
		Debug|Any CPU = Debug|Any CPU
		Release|Any CPU = Release|Any CPU
	EndGlobalSection
	GlobalSection(ProjectConfigurationPlatforms) = postSolution
		{CB543414-0633-49C1-B0F4-DAC3869C5306}.Debug|Any CPU.ActiveCfg = Debug|Any CPU
		{CB543414-0633-49C1-B0F4-DAC3869C5306}.Debug|Any CPU.Build.0 = Debug|Any CPU
		{CB543414-0633-49C1-B0F4-DAC3869C5306}.Release|Any CPU.ActiveCfg = Release|Any CPU
		{CB543414-0633-49C1-B0F4-DAC3869C5306}.Release|Any CPU.Build.0 = Release|Any CPU
		{D39FFED5-F686-4299-8402-6BDBCBA5E773}.Debug|Any CPU.ActiveCfg = Debug|Any CPU
		{D39FFED5-F686-4299-8402-6BDBCBA5E773}.Debug|Any CPU.Build.0 = Debug|Any CPU
		{D39FFED5-F686-4299-8402-6BDBCBA5E773}.Release|Any CPU.ActiveCfg = Release|Any CPU
		{D39FFED5-F686-4299-8402-6BDBCBA5E773}.Release|Any CPU.Build.0 = Release|Any CPU
	EndGlobalSection
	GlobalSection(SolutionProperties) = preSolution
		HideSolutionNode = FALSE
	EndGlobalSection
	GlobalSection(ExtensibilityGlobals) = postSolution
		SolutionGuid = {EEFB4702-2AA2-4F1C-805D-575F13E9CE4D}
	EndGlobalSection
EndGlobal
